
Microsoft Visual Studio Solution File, Format Version 12.00
# Visual Studio Version 17
VisualStudioVersion = 17.7.34031.279
MinimumVisualStudioVersion = 10.0.40219.1
Project("{9A19103F-16F7-4668-BE54-9A1E7A4F7556}") = "API_Backend", "API_Backend\API_Backend.csproj", "{A8C5700C-25D3-4A24-8934-E8CD41AE2527}"
EndProject
Project("{9A19103F-16F7-4668-BE54-9A1E7A4F7556}") = "Consola_Frontend", "Consola_Frontend\Consola_Frontend.csproj", "{BF66F6F6-7207-46C2-934B-47E4BCC6428D}"
EndProject
Global
	GlobalSection(SolutionConfigurationPlatforms) = preSolution
		Debug|Any CPU = Debug|Any CPU
		Release|Any CPU = Release|Any CPU
	EndGlobalSection
	GlobalSection(ProjectConfigurationPlatforms) = postSolution
		{A8C5700C-25D3-4A24-8934-E8CD41AE2527}.Debug|Any CPU.ActiveCfg = Debug|Any CPU
		{A8C5700C-25D3-4A24-8934-E8CD41AE2527}.Debug|Any CPU.Build.0 = Debug|Any CPU
		{A8C5700C-25D3-4A24-8934-E8CD41AE2527}.Release|Any CPU.ActiveCfg = Release|Any CPU
		{A8C5700C-25D3-4A24-8934-E8CD41AE2527}.Release|Any CPU.Build.0 = Release|Any CPU
		{BF66F6F6-7207-46C2-934B-47E4BCC6428D}.Debug|Any CPU.ActiveCfg = Debug|Any CPU
		{BF66F6F6-7207-46C2-934B-47E4BCC6428D}.Debug|Any CPU.Build.0 = Debug|Any CPU
		{BF66F6F6-7207-46C2-934B-47E4BCC6428D}.Release|Any CPU.ActiveCfg = Release|Any CPU
		{BF66F6F6-7207-46C2-934B-47E4BCC6428D}.Release|Any CPU.Build.0 = Release|Any CPU
	EndGlobalSection
	GlobalSection(SolutionProperties) = preSolution
		HideSolutionNode = FALSE
	EndGlobalSection
	GlobalSection(ExtensibilityGlobals) = postSolution
		SolutionGuid = {34C08CCA-BDB3-48D9-B3E3-538343FB69F4}
	EndGlobalSection
EndGlobal
